
Microsoft Visual Studio Solution File, Format Version 12.00
# Visual Studio 2012
Project("{FAE04EC0-301F-11D3-BF4B-00C04F79EFBC}") = "Sparrow", "Sparrow\Sparrow.csproj", "{215AA83E-584B-4B73-8C39-8718735F2701}"
EndProject
Project("{FAE04EC0-301F-11D3-BF4B-00C04F79EFBC}") = "Example.Basic", "Example.Basic\Example.Basic.csproj", "{D44528F5-37FE-44E0-A61C-EDF452B8407E}"
EndProject
Project("{FAE04EC0-301F-11D3-BF4B-00C04F79EFBC}") = "Sparrow.Core", "Sparrow.Core\Sparrow.Core.csproj", "{070C890B-3889-4A36-9E51-04B917B98116}"
EndProject
Project("{FAE04EC0-301F-11D3-BF4B-00C04F79EFBC}") = "Sparrow.Graphics", "Sparrow.Graphics\Sparrow.Graphics.csproj", "{9F626EBB-CF19-4A44-A4E0-C21634388EE6}"
EndProject
Project("{FAE04EC0-301F-11D3-BF4B-00C04F79EFBC}") = "Sparrow.Numerics", "Sparrow.Numerics\Sparrow.Numerics.csproj", "{E1B7FAC9-A6F4-46AB-9EB2-BDDA075C8CCB}"
EndProject
Project("{FAE04EC0-301F-11D3-BF4B-00C04F79EFBC}") = "Sparrow.OpenGL", "Sparrow.OpenGL\Sparrow.OpenGL.csproj", "{275EC651-7A86-40BC-B150-9F2BC6116D4F}"
EndProject
Project("{FAE04EC0-301F-11D3-BF4B-00C04F79EFBC}") = "Sparrow.Pipelines", "Sparrow.Pipelines\Sparrow.Pipelines.csproj", "{F9F818B7-DAE3-4C4C-A305-0DE9E0EF162B}"
EndProject
Project("{FAE04EC0-301F-11D3-BF4B-00C04F79EFBC}") = "Sparrow.Reactive", "Sparrow.Reactive\Sparrow.Reactive.csproj", "{5777F62B-6A17-4C9E-AB8E-C27DB48C97FD}"
EndProject
Project("{FAE04EC0-301F-11D3-BF4B-00C04F79EFBC}") = "Sparrow.SDL2", "Sparrow.SDL2\Sparrow.SDL2.csproj", "{92AC116C-E44B-47A3-AE87-40E71E80056E}"
EndProject
Global
	GlobalSection(SolutionConfigurationPlatforms) = preSolution
		Debug|Any CPU = Debug|Any CPU
		Release|Any CPU = Release|Any CPU
	EndGlobalSection
	GlobalSection(ProjectConfigurationPlatforms) = postSolution
		{215AA83E-584B-4B73-8C39-8718735F2701}.Debug|Any CPU.ActiveCfg = Debug|Any CPU
		{215AA83E-584B-4B73-8C39-8718735F2701}.Debug|Any CPU.Build.0 = Debug|Any CPU
		{215AA83E-584B-4B73-8C39-8718735F2701}.Release|Any CPU.ActiveCfg = Release|Any CPU
		{215AA83E-584B-4B73-8C39-8718735F2701}.Release|Any CPU.Build.0 = Release|Any CPU
		{D44528F5-37FE-44E0-A61C-EDF452B8407E}.Debug|Any CPU.ActiveCfg = Debug|Any CPU
		{D44528F5-37FE-44E0-A61C-EDF452B8407E}.Debug|Any CPU.Build.0 = Debug|Any CPU
		{D44528F5-37FE-44E0-A61C-EDF452B8407E}.Release|Any CPU.ActiveCfg = Release|Any CPU
		{D44528F5-37FE-44E0-A61C-EDF452B8407E}.Release|Any CPU.Build.0 = Release|Any CPU
		{070C890B-3889-4A36-9E51-04B917B98116}.Debug|Any CPU.ActiveCfg = Debug|Any CPU
		{070C890B-3889-4A36-9E51-04B917B98116}.Debug|Any CPU.Build.0 = Debug|Any CPU
		{070C890B-3889-4A36-9E51-04B917B98116}.Release|Any CPU.ActiveCfg = Release|Any CPU
		{070C890B-3889-4A36-9E51-04B917B98116}.Release|Any CPU.Build.0 = Release|Any CPU
		{9F626EBB-CF19-4A44-A4E0-C21634388EE6}.Debug|Any CPU.ActiveCfg = Debug|Any CPU
		{9F626EBB-CF19-4A44-A4E0-C21634388EE6}.Debug|Any CPU.Build.0 = Debug|Any CPU
		{9F626EBB-CF19-4A44-A4E0-C21634388EE6}.Release|Any CPU.ActiveCfg = Release|Any CPU
		{9F626EBB-CF19-4A44-A4E0-C21634388EE6}.Release|Any CPU.Build.0 = Release|Any CPU
		{E1B7FAC9-A6F4-46AB-9EB2-BDDA075C8CCB}.Debug|Any CPU.ActiveCfg = Debug|Any CPU
		{E1B7FAC9-A6F4-46AB-9EB2-BDDA075C8CCB}.Debug|Any CPU.Build.0 = Debug|Any CPU
		{E1B7FAC9-A6F4-46AB-9EB2-BDDA075C8CCB}.Release|Any CPU.ActiveCfg = Release|Any CPU
		{E1B7FAC9-A6F4-46AB-9EB2-BDDA075C8CCB}.Release|Any CPU.Build.0 = Release|Any CPU
		{275EC651-7A86-40BC-B150-9F2BC6116D4F}.Debug|Any CPU.ActiveCfg = Debug|Any CPU
		{275EC651-7A86-40BC-B150-9F2BC6116D4F}.Debug|Any CPU.Build.0 = Debug|Any CPU
		{275EC651-7A86-40BC-B150-9F2BC6116D4F}.Release|Any CPU.ActiveCfg = Release|Any CPU
		{275EC651-7A86-40BC-B150-9F2BC6116D4F}.Release|Any CPU.Build.0 = Release|Any CPU
		{F9F818B7-DAE3-4C4C-A305-0DE9E0EF162B}.Debug|Any CPU.ActiveCfg = Debug|Any CPU
		{F9F818B7-DAE3-4C4C-A305-0DE9E0EF162B}.Debug|Any CPU.Build.0 = Debug|Any CPU
		{F9F818B7-DAE3-4C4C-A305-0DE9E0EF162B}.Release|Any CPU.ActiveCfg = Release|Any CPU
		{F9F818B7-DAE3-4C4C-A305-0DE9E0EF162B}.Release|Any CPU.Build.0 = Release|Any CPU
		{5777F62B-6A17-4C9E-AB8E-C27DB48C97FD}.Debug|Any CPU.ActiveCfg = Debug|Any CPU
		{5777F62B-6A17-4C9E-AB8E-C27DB48C97FD}.Debug|Any CPU.Build.0 = Debug|Any CPU
		{5777F62B-6A17-4C9E-AB8E-C27DB48C97FD}.Release|Any CPU.ActiveCfg = Release|Any CPU
		{5777F62B-6A17-4C9E-AB8E-C27DB48C97FD}.Release|Any CPU.Build.0 = Release|Any CPU
		{92AC116C-E44B-47A3-AE87-40E71E80056E}.Debug|Any CPU.ActiveCfg = Debug|Any CPU
		{92AC116C-E44B-47A3-AE87-40E71E80056E}.Debug|Any CPU.Build.0 = Debug|Any CPU
		{92AC116C-E44B-47A3-AE87-40E71E80056E}.Release|Any CPU.ActiveCfg = Release|Any CPU
		{92AC116C-E44B-47A3-AE87-40E71E80056E}.Release|Any CPU.Build.0 = Release|Any CPU
	EndGlobalSection
EndGlobal
